{
  "nodes": {
    "nixpkgs": {
      "locked": {
        "lastModified": 1739020877,
        "narHash": "sha256-mIvECo/NNdJJ/bXjNqIh8yeoSjVLAuDuTUzAo7dzs8Y=",
        "owner": "nixos",
        "repo": "nixpkgs",
        "rev": "a79cfe0ebd24952b580b1cf08cd906354996d547",
        "type": "github"
      },
      "original": {
        "owner": "nixos",
        "ref": "nixos-unstable",
        "repo": "nixpkgs",
        "type": "github"
      }
    },
    "nixpkgs-stable": {
      "locked": {
        "lastModified": 1739055578,
        "narHash": "sha256-2MhC2Bgd06uI1A0vkdNUyDYsMD0SLNGKtD8600mZ69A=",
        "owner": "nixos",
        "repo": "nixpkgs",
        "rev": "a45fa362d887f4d4a7157d95c28ca9ce2899b70e",
        "type": "github"
      },
      "original": {
        "owner": "nixos",
        "ref": "nixos-24.11",
        "repo": "nixpkgs",
        "type": "github"
      }
    },
    "nixpkgs_2": {
      "locked": {
        "lastModified": 1735471104,
        "narHash": "sha256-0q9NGQySwDQc7RhAV2ukfnu7Gxa5/ybJ2ANT8DQrQrs=",
        "owner": "nixos",
        "repo": "nixpkgs",
        "rev": "88195a94f390381c6afcdaa933c2f6ff93959cb4",
        "type": "github"
      },
      "original": {
        "owner": "nixos",
        "ref": "nixos-unstable",
        "repo": "nixpkgs",
        "type": "github"
      }
    },
    "root": {
      "inputs": {
        "nixpkgs": "nixpkgs",
        "nixpkgs-stable": "nixpkgs-stable",
        "zen-browser": "zen-browser"
      }
    },
    "zen-browser": {
      "inputs": {
        "nixpkgs": "nixpkgs_2"
      },
      "locked": {
        "lastModified": 1739161281,
        "narHash": "sha256-cMM5E5EzEnfQFdBurCVqCi9mhsmRCeaEJB4iskPsQ1o=",
        "owner": "0xc000022070",
        "repo": "zen-browser-flake",
        "rev": "0e962f036e6e2a9dde28f37d80104c7ea477a801",
        "type": "github"
      },
      "original": {
        "owner": "0xc000022070",
        "repo": "zen-browser-flake",
        "type": "github"
      }
    }
  },
  "root": "root",
  "version": 7
}
