{
  "nodes": {
    "nixpkgs": {
      "locked": {
        "lastModified": 1736344531,
        "narHash": "sha256-8YVQ9ZbSfuUk2bUf2KRj60NRraLPKPS0Q4QFTbc+c2c=",
        "owner": "nixos",
        "repo": "nixpkgs",
        "rev": "bffc22eb12172e6db3c5dde9e3e5628f8e3e7912",
        "type": "github"
      },
      "original": {
        "owner": "nixos",
        "ref": "nixos-unstable",
        "repo": "nixpkgs",
        "type": "github"
      }
    },
    "nixpkgs-stable": {
      "locked": {
        "lastModified": 1736200483,
        "narHash": "sha256-JO+lFN2HsCwSLMUWXHeOad6QUxOuwe9UOAF/iSl1J4I=",
        "owner": "nixos",
        "repo": "nixpkgs",
        "rev": "3f0a8ac25fb674611b98089ca3a5dd6480175751",
        "type": "github"
      },
      "original": {
        "owner": "nixos",
        "ref": "nixos-24.11",
        "repo": "nixpkgs",
        "type": "github"
      }
    },
    "nixpkgs_2": {
      "locked": {
        "lastModified": 1735471104,
        "narHash": "sha256-0q9NGQySwDQc7RhAV2ukfnu7Gxa5/ybJ2ANT8DQrQrs=",
        "owner": "nixos",
        "repo": "nixpkgs",
        "rev": "88195a94f390381c6afcdaa933c2f6ff93959cb4",
        "type": "github"
      },
      "original": {
        "owner": "nixos",
        "ref": "nixos-unstable",
        "repo": "nixpkgs",
        "type": "github"
      }
    },
    "root": {
      "inputs": {
        "nixpkgs": "nixpkgs",
        "nixpkgs-stable": "nixpkgs-stable",
        "zen-browser": "zen-browser"
      }
    },
    "zen-browser": {
      "inputs": {
        "nixpkgs": "nixpkgs_2"
      },
      "locked": {
        "lastModified": 1736267677,
        "narHash": "sha256-7FH/gFShKOzf46yKqA4VWAaWxuyHBRnXOdaffbTxVo4=",
        "owner": "0xc000022070",
        "repo": "zen-browser-flake",
        "rev": "c96c6a1ebf1bea782f9528dc316d986a6087ebc0",
        "type": "github"
      },
      "original": {
        "owner": "0xc000022070",
        "repo": "zen-browser-flake",
        "type": "github"
      }
    }
  },
  "root": "root",
  "version": 7
}
